// !$*UTF8*$!
{
	archiveVersion = 1;
	classes = {
	};
	objectVersion = 46;
	objects = {

/* Begin PBXBuildFile section */
		4966B56491DAB95DF6CC349F /* Pods_Felagi.framework in Frameworks */ = {isa = PBXBuildFile; fileRef = A425BA37732B5BDBB0D0BABE /* Pods_Felagi.framework */; };
		5C5260D4D563F4F304653DCA /* Pods_FelagiTests.framework in Frameworks */ = {isa = PBXBuildFile; fileRef = D96D69BE91E07CAAD534F8CA /* Pods_FelagiTests.framework */; };
		9A709B0D1F734E27009E953C /* LocationHomeViewController.swift in Sources */ = {isa = PBXBuildFile; fileRef = 9A709B0C1F734E27009E953C /* LocationHomeViewController.swift */; };
		9AB503ED1F0C339400287177 /* AppDelegate.swift in Sources */ = {isa = PBXBuildFile; fileRef = 9AB503EC1F0C339400287177 /* AppDelegate.swift */; };
		9AB503EF1F0C339400287177 /* SignInViewController.swift in Sources */ = {isa = PBXBuildFile; fileRef = 9AB503EE1F0C339400287177 /* SignInViewController.swift */; };
		9AB503F21F0C339400287177 /* Main.storyboard in Resources */ = {isa = PBXBuildFile; fileRef = 9AB503F01F0C339400287177 /* Main.storyboard */; };
		9AB503F41F0C339400287177 /* Assets.xcassets in Resources */ = {isa = PBXBuildFile; fileRef = 9AB503F31F0C339400287177 /* Assets.xcassets */; };
		9AB503F71F0C339400287177 /* LaunchScreen.storyboard in Resources */ = {isa = PBXBuildFile; fileRef = 9AB503F51F0C339400287177 /* LaunchScreen.storyboard */; };
		9AB504021F0C339400287177 /* FelagiTests.swift in Sources */ = {isa = PBXBuildFile; fileRef = 9AB504011F0C339400287177 /* FelagiTests.swift */; };
		9AB5040D1F0C36B800287177 /* GoogleService-Info.plist in Resources */ = {isa = PBXBuildFile; fileRef = 9AB5040C1F0C36B800287177 /* GoogleService-Info.plist */; };
		9ABA5D271F0DE939000F145F /* HomeTableViewController.swift in Sources */ = {isa = PBXBuildFile; fileRef = 9ABA5D261F0DE939000F145F /* HomeTableViewController.swift */; };
		9ABA5D2B1F10B71D000F145F /* BaseViewController.swift in Sources */ = {isa = PBXBuildFile; fileRef = 9ABA5D2A1F10B71D000F145F /* BaseViewController.swift */; };
		9ABA5D2D1F11A9C9000F145F /* UIColor.swift in Sources */ = {isa = PBXBuildFile; fileRef = 9ABA5D2C1F11A9C9000F145F /* UIColor.swift */; };
		9ABA5D2F1F11A9FD000F145F /* Theme.swift in Sources */ = {isa = PBXBuildFile; fileRef = 9ABA5D2E1F11A9FD000F145F /* Theme.swift */; };
		9ACA6B361F75ECC5005C7FE6 /* Location.swift in Sources */ = {isa = PBXBuildFile; fileRef = 9ACA6B351F75ECC5005C7FE6 /* Location.swift */; };
/* End PBXBuildFile section */

/* Begin PBXContainerItemProxy section */
		9AB503FE1F0C339400287177 /* PBXContainerItemProxy */ = {
			isa = PBXContainerItemProxy;
			containerPortal = 9AB503E11F0C339400287177 /* Project object */;
			proxyType = 1;
			remoteGlobalIDString = 9AB503E81F0C339400287177;
			remoteInfo = Felagi;
		};
/* End PBXContainerItemProxy section */

/* Begin PBXFileReference section */
		0225BD43D2C32E7312743733 /* Pods-Felagi.debug.xcconfig */ = {isa = PBXFileReference; includeInIndex = 1; lastKnownFileType = text.xcconfig; name = "Pods-Felagi.debug.xcconfig"; path = "Pods/Target Support Files/Pods-Felagi/Pods-Felagi.debug.xcconfig"; sourceTree = "<group>"; };
		4D8F3C5B44A5D9EEE9F7D866 /* Pods-Felagi.release.xcconfig */ = {isa = PBXFileReference; includeInIndex = 1; lastKnownFileType = text.xcconfig; name = "Pods-Felagi.release.xcconfig"; path = "Pods/Target Support Files/Pods-Felagi/Pods-Felagi.release.xcconfig"; sourceTree = "<group>"; };
		9A709B0C1F734E27009E953C /* LocationHomeViewController.swift */ = {isa = PBXFileReference; lastKnownFileType = sourcecode.swift; path = LocationHomeViewController.swift; sourceTree = "<group>"; };
		9AB503E91F0C339400287177 /* Felagi.app */ = {isa = PBXFileReference; explicitFileType = wrapper.application; includeInIndex = 0; path = Felagi.app; sourceTree = BUILT_PRODUCTS_DIR; };
		9AB503EC1F0C339400287177 /* AppDelegate.swift */ = {isa = PBXFileReference; lastKnownFileType = sourcecode.swift; path = AppDelegate.swift; sourceTree = "<group>"; };
		9AB503EE1F0C339400287177 /* SignInViewController.swift */ = {isa = PBXFileReference; lastKnownFileType = sourcecode.swift; path = SignInViewController.swift; sourceTree = "<group>"; };
		9AB503F11F0C339400287177 /* Base */ = {isa = PBXFileReference; lastKnownFileType = file.storyboard; name = Base; path = Base.lproj/Main.storyboard; sourceTree = "<group>"; };
		9AB503F31F0C339400287177 /* Assets.xcassets */ = {isa = PBXFileReference; lastKnownFileType = folder.assetcatalog; path = Assets.xcassets; sourceTree = "<group>"; };
		9AB503F61F0C339400287177 /* Base */ = {isa = PBXFileReference; lastKnownFileType = file.storyboard; name = Base; path = Base.lproj/LaunchScreen.storyboard; sourceTree = "<group>"; };
		9AB503F81F0C339400287177 /* Info.plist */ = {isa = PBXFileReference; lastKnownFileType = text.plist.xml; path = Info.plist; sourceTree = "<group>"; };
		9AB503FD1F0C339400287177 /* FelagiTests.xctest */ = {isa = PBXFileReference; explicitFileType = wrapper.cfbundle; includeInIndex = 0; path = FelagiTests.xctest; sourceTree = BUILT_PRODUCTS_DIR; };
		9AB504011F0C339400287177 /* FelagiTests.swift */ = {isa = PBXFileReference; lastKnownFileType = sourcecode.swift; path = FelagiTests.swift; sourceTree = "<group>"; };
		9AB504031F0C339400287177 /* Info.plist */ = {isa = PBXFileReference; lastKnownFileType = text.plist.xml; path = Info.plist; sourceTree = "<group>"; };
		9AB5040C1F0C36B800287177 /* GoogleService-Info.plist */ = {isa = PBXFileReference; fileEncoding = 4; lastKnownFileType = text.plist.xml; path = "GoogleService-Info.plist"; sourceTree = "<group>"; };
		9ABA5D251F0DDD3D000F145F /* Felagi.entitlements */ = {isa = PBXFileReference; lastKnownFileType = text.plist.entitlements; path = Felagi.entitlements; sourceTree = "<group>"; };
		9ABA5D261F0DE939000F145F /* HomeTableViewController.swift */ = {isa = PBXFileReference; fileEncoding = 4; lastKnownFileType = sourcecode.swift; path = HomeTableViewController.swift; sourceTree = "<group>"; };
		9ABA5D2A1F10B71D000F145F /* BaseViewController.swift */ = {isa = PBXFileReference; fileEncoding = 4; lastKnownFileType = sourcecode.swift; path = BaseViewController.swift; sourceTree = "<group>"; };
		9ABA5D2C1F11A9C9000F145F /* UIColor.swift */ = {isa = PBXFileReference; fileEncoding = 4; lastKnownFileType = sourcecode.swift; path = UIColor.swift; sourceTree = "<group>"; };
		9ABA5D2E1F11A9FD000F145F /* Theme.swift */ = {isa = PBXFileReference; fileEncoding = 4; lastKnownFileType = sourcecode.swift; path = Theme.swift; sourceTree = "<group>"; };
		9ACA6B351F75ECC5005C7FE6 /* Location.swift */ = {isa = PBXFileReference; lastKnownFileType = sourcecode.swift; name = Location.swift; path = Felagi/Model/Location.swift; sourceTree = SOURCE_ROOT; };
		A425BA37732B5BDBB0D0BABE /* Pods_Felagi.framework */ = {isa = PBXFileReference; explicitFileType = wrapper.framework; includeInIndex = 0; path = Pods_Felagi.framework; sourceTree = BUILT_PRODUCTS_DIR; };
		BD2B89751D19363EBD89E6F8 /* Pods-FelagiTests.release.xcconfig */ = {isa = PBXFileReference; includeInIndex = 1; lastKnownFileType = text.xcconfig; name = "Pods-FelagiTests.release.xcconfig"; path = "Pods/Target Support Files/Pods-FelagiTests/Pods-FelagiTests.release.xcconfig"; sourceTree = "<group>"; };
		D96D69BE91E07CAAD534F8CA /* Pods_FelagiTests.framework */ = {isa = PBXFileReference; explicitFileType = wrapper.framework; includeInIndex = 0; path = Pods_FelagiTests.framework; sourceTree = BUILT_PRODUCTS_DIR; };
		E62CDD4BAE65C5EBD8D82205 /* Pods-FelagiTests.debug.xcconfig */ = {isa = PBXFileReference; includeInIndex = 1; lastKnownFileType = text.xcconfig; name = "Pods-FelagiTests.debug.xcconfig"; path = "Pods/Target Support Files/Pods-FelagiTests/Pods-FelagiTests.debug.xcconfig"; sourceTree = "<group>"; };
/* End PBXFileReference section */

/* Begin PBXFrameworksBuildPhase section */
		9AB503E61F0C339400287177 /* Frameworks */ = {
			isa = PBXFrameworksBuildPhase;
			buildActionMask = 2147483647;
			files = (
				4966B56491DAB95DF6CC349F /* Pods_Felagi.framework in Frameworks */,
			);
			runOnlyForDeploymentPostprocessing = 0;
		};
		9AB503FA1F0C339400287177 /* Frameworks */ = {
			isa = PBXFrameworksBuildPhase;
			buildActionMask = 2147483647;
			files = (
				5C5260D4D563F4F304653DCA /* Pods_FelagiTests.framework in Frameworks */,
			);
			runOnlyForDeploymentPostprocessing = 0;
		};
/* End PBXFrameworksBuildPhase section */

/* Begin PBXGroup section */
		9A709B0B1F734DD4009E953C /* LocationPicker */ = {
			isa = PBXGroup;
			children = (
				9A709B0C1F734E27009E953C /* LocationHomeViewController.swift */,
			);
			path = LocationPicker;
			sourceTree = "<group>";
		};
		9AB503E01F0C339400287177 = {
			isa = PBXGroup;
			children = (
				9AB503EB1F0C339400287177 /* Felagi */,
				9AB504001F0C339400287177 /* FelagiTests */,
				9AB503EA1F0C339400287177 /* Products */,
				FF469B7E413FF4A423941575 /* Pods */,
				FC2021360774948E9DC030BA /* Frameworks */,
			);
			sourceTree = "<group>";
		};
		9AB503EA1F0C339400287177 /* Products */ = {
			isa = PBXGroup;
			children = (
				9AB503E91F0C339400287177 /* Felagi.app */,
				9AB503FD1F0C339400287177 /* FelagiTests.xctest */,
			);
			name = Products;
			sourceTree = "<group>";
		};
		9AB503EB1F0C339400287177 /* Felagi */ = {
			isa = PBXGroup;
			children = (
				9ACA6B381F75EE39005C7FE6 /* Model */,
				9A709B0B1F734DD4009E953C /* LocationPicker */,
				9ABA5D251F0DDD3D000F145F /* Felagi.entitlements */,
				9AB503EC1F0C339400287177 /* AppDelegate.swift */,
				9AB503EE1F0C339400287177 /* SignInViewController.swift */,
				9AB503F01F0C339400287177 /* Main.storyboard */,
				9ABA5D2C1F11A9C9000F145F /* UIColor.swift */,
				9ABA5D2E1F11A9FD000F145F /* Theme.swift */,
				9ABA5D2A1F10B71D000F145F /* BaseViewController.swift */,
				9ABA5D261F0DE939000F145F /* HomeTableViewController.swift */,
				9AB503F31F0C339400287177 /* Assets.xcassets */,
				9AB503F51F0C339400287177 /* LaunchScreen.storyboard */,
				9AB5040C1F0C36B800287177 /* GoogleService-Info.plist */,
			);
			path = Felagi;
			sourceTree = "<group>";
		};
		9AB504001F0C339400287177 /* FelagiTests */ = {
			isa = PBXGroup;
			children = (
				9AB504011F0C339400287177 /* FelagiTests.swift */,
				9AB504031F0C339400287177 /* Info.plist */,
			);
			path = FelagiTests;
			sourceTree = "<group>";
		};
		9ACA6B381F75EE39005C7FE6 /* Model */ = {
			isa = PBXGroup;
			children = (
				9AB503F81F0C339400287177 /* Info.plist */,
				9ACA6B351F75ECC5005C7FE6 /* Location.swift */,
			);
			path = Model;
			sourceTree = "<group>";
		};
		FC2021360774948E9DC030BA /* Frameworks */ = {
			isa = PBXGroup;
			children = (
				A425BA37732B5BDBB0D0BABE /* Pods_Felagi.framework */,
				D96D69BE91E07CAAD534F8CA /* Pods_FelagiTests.framework */,
			);
			name = Frameworks;
			sourceTree = "<group>";
		};
		FF469B7E413FF4A423941575 /* Pods */ = {
			isa = PBXGroup;
			children = (
				0225BD43D2C32E7312743733 /* Pods-Felagi.debug.xcconfig */,
				4D8F3C5B44A5D9EEE9F7D866 /* Pods-Felagi.release.xcconfig */,
				E62CDD4BAE65C5EBD8D82205 /* Pods-FelagiTests.debug.xcconfig */,
				BD2B89751D19363EBD89E6F8 /* Pods-FelagiTests.release.xcconfig */,
			);
			name = Pods;
			sourceTree = "<group>";
		};
/* End PBXGroup section */

/* Begin PBXNativeTarget section */
		9AB503E81F0C339400287177 /* Felagi */ = {
			isa = PBXNativeTarget;
			buildConfigurationList = 9AB504061F0C339500287177 /* Build configuration list for PBXNativeTarget "Felagi" */;
			buildPhases = (
				5B460706C7D2D748E0BD1EB3 /* [CP] Check Pods Manifest.lock */,
				9AB503E51F0C339400287177 /* Sources */,
				9AB503E61F0C339400287177 /* Frameworks */,
				9AB503E71F0C339400287177 /* Resources */,
				E41F5A476207FA2180ABD404 /* [CP] Embed Pods Frameworks */,
				02293B33BD065AE4D99F3235 /* [CP] Copy Pods Resources */,
			);
			buildRules = (
			);
			dependencies = (
			);
			name = Felagi;
			productName = Felagi;
			productReference = 9AB503E91F0C339400287177 /* Felagi.app */;
			productType = "com.apple.product-type.application";
		};
		9AB503FC1F0C339400287177 /* FelagiTests */ = {
			isa = PBXNativeTarget;
			buildConfigurationList = 9AB504091F0C339500287177 /* Build configuration list for PBXNativeTarget "FelagiTests" */;
			buildPhases = (
				862AB4EEC3FAE857DCBB3D10 /* [CP] Check Pods Manifest.lock */,
				9AB503F91F0C339400287177 /* Sources */,
				9AB503FA1F0C339400287177 /* Frameworks */,
				9AB503FB1F0C339400287177 /* Resources */,
				407B77DA02DA89CB3CA2E3E7 /* [CP] Embed Pods Frameworks */,
				124B0B5CBCC9631DD06E5C2F /* [CP] Copy Pods Resources */,
			);
			buildRules = (
			);
			dependencies = (
				9AB503FF1F0C339400287177 /* PBXTargetDependency */,
			);
			name = FelagiTests;
			productName = FelagiTests;
			productReference = 9AB503FD1F0C339400287177 /* FelagiTests.xctest */;
			productType = "com.apple.product-type.bundle.unit-test";
		};
/* End PBXNativeTarget section */

/* Begin PBXProject section */
		9AB503E11F0C339400287177 /* Project object */ = {
			isa = PBXProject;
			attributes = {
				LastSwiftUpdateCheck = 0830;
				LastUpgradeCheck = 0830;
				ORGANIZATIONNAME = "Semeon D";
				TargetAttributes = {
					9AB503E81F0C339400287177 = {
						CreatedOnToolsVersion = 8.3.2;
						LastSwiftMigration = 0900;
						ProvisioningStyle = Automatic;
						SystemCapabilities = {
							com.apple.Keychain = {
								enabled = 1;
							};
						};
					};
					9AB503FC1F0C339400287177 = {
						CreatedOnToolsVersion = 8.3.2;
						DevelopmentTeam = PAHG2435QN;
						ProvisioningStyle = Automatic;
						TestTargetID = 9AB503E81F0C339400287177;
					};
				};
			};
			buildConfigurationList = 9AB503E41F0C339400287177 /* Build configuration list for PBXProject "Felagi" */;
			compatibilityVersion = "Xcode 3.2";
			developmentRegion = English;
			hasScannedForEncodings = 0;
			knownRegions = (
				en,
				Base,
			);
			mainGroup = 9AB503E01F0C339400287177;
			productRefGroup = 9AB503EA1F0C339400287177 /* Products */;
			projectDirPath = "";
			projectRoot = "";
			targets = (
				9AB503E81F0C339400287177 /* Felagi */,
				9AB503FC1F0C339400287177 /* FelagiTests */,
			);
		};
/* End PBXProject section */

/* Begin PBXResourcesBuildPhase section */
		9AB503E71F0C339400287177 /* Resources */ = {
			isa = PBXResourcesBuildPhase;
			buildActionMask = 2147483647;
			files = (
				9AB503F71F0C339400287177 /* LaunchScreen.storyboard in Resources */,
				9AB5040D1F0C36B800287177 /* GoogleService-Info.plist in Resources */,
				9AB503F41F0C339400287177 /* Assets.xcassets in Resources */,
				9AB503F21F0C339400287177 /* Main.storyboard in Resources */,
			);
			runOnlyForDeploymentPostprocessing = 0;
		};
		9AB503FB1F0C339400287177 /* Resources */ = {
			isa = PBXResourcesBuildPhase;
			buildActionMask = 2147483647;
			files = (
			);
			runOnlyForDeploymentPostprocessing = 0;
		};
/* End PBXResourcesBuildPhase section */

/* Begin PBXShellScriptBuildPhase section */
		02293B33BD065AE4D99F3235 /* [CP] Copy Pods Resources */ = {
			isa = PBXShellScriptBuildPhase;
			buildActionMask = 2147483647;
			files = (
			);
			inputPaths = (
			);
			name = "[CP] Copy Pods Resources";
			outputPaths = (
			);
			runOnlyForDeploymentPostprocessing = 0;
			shellPath = /bin/sh;
			shellScript = "\"${SRCROOT}/Pods/Target Support Files/Pods-Felagi/Pods-Felagi-resources.sh\"\n";
			showEnvVarsInLog = 0;
		};
		124B0B5CBCC9631DD06E5C2F /* [CP] Copy Pods Resources */ = {
			isa = PBXShellScriptBuildPhase;
			buildActionMask = 2147483647;
			files = (
			);
			inputPaths = (
			);
			name = "[CP] Copy Pods Resources";
			outputPaths = (
			);
			runOnlyForDeploymentPostprocessing = 0;
			shellPath = /bin/sh;
			shellScript = "\"${SRCROOT}/Pods/Target Support Files/Pods-FelagiTests/Pods-FelagiTests-resources.sh\"\n";
			showEnvVarsInLog = 0;
		};
		407B77DA02DA89CB3CA2E3E7 /* [CP] Embed Pods Frameworks */ = {
			isa = PBXShellScriptBuildPhase;
			buildActionMask = 2147483647;
			files = (
			);
			inputPaths = (
			);
			name = "[CP] Embed Pods Frameworks";
			outputPaths = (
			);
			runOnlyForDeploymentPostprocessing = 0;
			shellPath = /bin/sh;
			shellScript = "\"${SRCROOT}/Pods/Target Support Files/Pods-FelagiTests/Pods-FelagiTests-frameworks.sh\"\n";
			showEnvVarsInLog = 0;
		};
		5B460706C7D2D748E0BD1EB3 /* [CP] Check Pods Manifest.lock */ = {
			isa = PBXShellScriptBuildPhase;
			buildActionMask = 2147483647;
			files = (
			);
			inputPaths = (
			);
			name = "[CP] Check Pods Manifest.lock";
			outputPaths = (
			);
			runOnlyForDeploymentPostprocessing = 0;
			shellPath = /bin/sh;
			shellScript = "diff \"${PODS_PODFILE_DIR_PATH}/Podfile.lock\" \"${PODS_ROOT}/Manifest.lock\" > /dev/null\nif [ $? != 0 ] ; then\n    # print error to STDERR\n    echo \"error: The sandbox is not in sync with the Podfile.lock. Run 'pod install' or update your CocoaPods installation.\" >&2\n    exit 1\nfi\n";
			showEnvVarsInLog = 0;
		};
		862AB4EEC3FAE857DCBB3D10 /* [CP] Check Pods Manifest.lock */ = {
			isa = PBXShellScriptBuildPhase;
			buildActionMask = 2147483647;
			files = (
			);
			inputPaths = (
			);
			name = "[CP] Check Pods Manifest.lock";
			outputPaths = (
			);
			runOnlyForDeploymentPostprocessing = 0;
			shellPath = /bin/sh;
			shellScript = "diff \"${PODS_PODFILE_DIR_PATH}/Podfile.lock\" \"${PODS_ROOT}/Manifest.lock\" > /dev/null\nif [ $? != 0 ] ; then\n    # print error to STDERR\n    echo \"error: The sandbox is not in sync with the Podfile.lock. Run 'pod install' or update your CocoaPods installation.\" >&2\n    exit 1\nfi\n";
			showEnvVarsInLog = 0;
		};
		E41F5A476207FA2180ABD404 /* [CP] Embed Pods Frameworks */ = {
			isa = PBXShellScriptBuildPhase;
			buildActionMask = 2147483647;
			files = (
			);
			inputPaths = (
			);
			name = "[CP] Embed Pods Frameworks";
			outputPaths = (
			);
			runOnlyForDeploymentPostprocessing = 0;
			shellPath = /bin/sh;
			shellScript = "\"${SRCROOT}/Pods/Target Support Files/Pods-Felagi/Pods-Felagi-frameworks.sh\"\n";
			showEnvVarsInLog = 0;
		};
/* End PBXShellScriptBuildPhase section */

/* Begin PBXSourcesBuildPhase section */
		9AB503E51F0C339400287177 /* Sources */ = {
			isa = PBXSourcesBuildPhase;
			buildActionMask = 2147483647;
			files = (
				9ABA5D271F0DE939000F145F /* HomeTableViewController.swift in Sources */,
				9ABA5D2B1F10B71D000F145F /* BaseViewController.swift in Sources */,
				9AB503EF1F0C339400287177 /* SignInViewController.swift in Sources */,
				9A709B0D1F734E27009E953C /* LocationHomeViewController.swift in Sources */,
				9ABA5D2F1F11A9FD000F145F /* Theme.swift in Sources */,
				9AB503ED1F0C339400287177 /* AppDelegate.swift in Sources */,
				9ABA5D2D1F11A9C9000F145F /* UIColor.swift in Sources */,
				9ACA6B361F75ECC5005C7FE6 /* Location.swift in Sources */,
			);
			runOnlyForDeploymentPostprocessing = 0;
		};
		9AB503F91F0C339400287177 /* Sources */ = {
			isa = PBXSourcesBuildPhase;
			buildActionMask = 2147483647;
			files = (
				9AB504021F0C339400287177 /* FelagiTests.swift in Sources */,
			);
			runOnlyForDeploymentPostprocessing = 0;
		};
/* End PBXSourcesBuildPhase section */

/* Begin PBXTargetDependency section */
		9AB503FF1F0C339400287177 /* PBXTargetDependency */ = {
			isa = PBXTargetDependency;
			target = 9AB503E81F0C339400287177 /* Felagi */;
			targetProxy = 9AB503FE1F0C339400287177 /* PBXContainerItemProxy */;
		};
/* End PBXTargetDependency section */

/* Begin PBXVariantGroup section */
		9AB503F01F0C339400287177 /* Main.storyboard */ = {
			isa = PBXVariantGroup;
			children = (
				9AB503F11F0C339400287177 /* Base */,
			);
			name = Main.storyboard;
			sourceTree = "<group>";
		};
		9AB503F51F0C339400287177 /* LaunchScreen.storyboard */ = {
			isa = PBXVariantGroup;
			children = (
				9AB503F61F0C339400287177 /* Base */,
			);
			name = LaunchScreen.storyboard;
			sourceTree = "<group>";
		};
/* End PBXVariantGroup section */

/* Begin XCBuildConfiguration section */
		9AB504041F0C339500287177 /* Debug */ = {
			isa = XCBuildConfiguration;
			buildSettings = {
				ALWAYS_SEARCH_USER_PATHS = NO;
				CLANG_ANALYZER_NONNULL = YES;
				CLANG_ANALYZER_NUMBER_OBJECT_CONVERSION = YES_AGGRESSIVE;
				CLANG_CXX_LANGUAGE_STANDARD = "gnu++0x";
				CLANG_CXX_LIBRARY = "libc++";
				CLANG_ENABLE_MODULES = YES;
				CLANG_ENABLE_OBJC_ARC = YES;
				CLANG_WARN_BOOL_CONVERSION = YES;
				CLANG_WARN_CONSTANT_CONVERSION = YES;
				CLANG_WARN_DIRECT_OBJC_ISA_USAGE = YES_ERROR;
				CLANG_WARN_DOCUMENTATION_COMMENTS = YES;
				CLANG_WARN_EMPTY_BODY = YES;
				CLANG_WARN_ENUM_CONVERSION = YES;
				CLANG_WARN_INFINITE_RECURSION = YES;
				CLANG_WARN_INT_CONVERSION = YES;
				CLANG_WARN_OBJC_ROOT_CLASS = YES_ERROR;
				CLANG_WARN_SUSPICIOUS_MOVE = YES;
				CLANG_WARN_UNREACHABLE_CODE = YES;
				CLANG_WARN__DUPLICATE_METHOD_MATCH = YES;
				"CODE_SIGN_IDENTITY[sdk=iphoneos*]" = "iPhone Developer";
				COPY_PHASE_STRIP = NO;
				DEBUG_INFORMATION_FORMAT = dwarf;
				ENABLE_STRICT_OBJC_MSGSEND = YES;
				ENABLE_TESTABILITY = YES;
				GCC_C_LANGUAGE_STANDARD = gnu99;
				GCC_DYNAMIC_NO_PIC = NO;
				GCC_NO_COMMON_BLOCKS = YES;
				GCC_OPTIMIZATION_LEVEL = 0;
				GCC_PREPROCESSOR_DEFINITIONS = (
					"DEBUG=1",
					"$(inherited)",
				);
				GCC_WARN_64_TO_32_BIT_CONVERSION = YES;
				GCC_WARN_ABOUT_RETURN_TYPE = YES_ERROR;
				GCC_WARN_UNDECLARED_SELECTOR = YES;
				GCC_WARN_UNINITIALIZED_AUTOS = YES_AGGRESSIVE;
				GCC_WARN_UNUSED_FUNCTION = YES;
				GCC_WARN_UNUSED_VARIABLE = YES;
				IPHONEOS_DEPLOYMENT_TARGET = 10.3;
				MTL_ENABLE_DEBUG_INFO = YES;
				ONLY_ACTIVE_ARCH = YES;
				SDKROOT = iphoneos;
				SWIFT_ACTIVE_COMPILATION_CONDITIONS = DEBUG;
				SWIFT_OPTIMIZATION_LEVEL = "-Onone";
				TARGETED_DEVICE_FAMILY = "1,2";
			};
			name = Debug;
		};
		9AB504051F0C339500287177 /* Release */ = {
			isa = XCBuildConfiguration;
			buildSettings = {
				ALWAYS_SEARCH_USER_PATHS = NO;
				CLANG_ANALYZER_NONNULL = YES;
				CLANG_ANALYZER_NUMBER_OBJECT_CONVERSION = YES_AGGRESSIVE;
				CLANG_CXX_LANGUAGE_STANDARD = "gnu++0x";
				CLANG_CXX_LIBRARY = "libc++";
				CLANG_ENABLE_MODULES = YES;
				CLANG_ENABLE_OBJC_ARC = YES;
				CLANG_WARN_BOOL_CONVERSION = YES;
				CLANG_WARN_CONSTANT_CONVERSION = YES;
				CLANG_WARN_DIRECT_OBJC_ISA_USAGE = YES_ERROR;
				CLANG_WARN_DOCUMENTATION_COMMENTS = YES;
				CLANG_WARN_EMPTY_BODY = YES;
				CLANG_WARN_ENUM_CONVERSION = YES;
				CLANG_WARN_INFINITE_RECURSION = YES;
				CLANG_WARN_INT_CONVERSION = YES;
				CLANG_WARN_OBJC_ROOT_CLASS = YES_ERROR;
				CLANG_WARN_SUSPICIOUS_MOVE = YES;
				CLANG_WARN_UNREACHABLE_CODE = YES;
				CLANG_WARN__DUPLICATE_METHOD_MATCH = YES;
				"CODE_SIGN_IDENTITY[sdk=iphoneos*]" = "iPhone Developer";
				COPY_PHASE_STRIP = NO;
				DEBUG_INFORMATION_FORMAT = "dwarf-with-dsym";
				ENABLE_NS_ASSERTIONS = NO;
				ENABLE_STRICT_OBJC_MSGSEND = YES;
				GCC_C_LANGUAGE_STANDARD = gnu99;
				GCC_NO_COMMON_BLOCKS = YES;
				GCC_WARN_64_TO_32_BIT_CONVERSION = YES;
				GCC_WARN_ABOUT_RETURN_TYPE = YES_ERROR;
				GCC_WARN_UNDECLARED_SELECTOR = YES;
				GCC_WARN_UNINITIALIZED_AUTOS = YES_AGGRESSIVE;
				GCC_WARN_UNUSED_FUNCTION = YES;
				GCC_WARN_UNUSED_VARIABLE = YES;
				IPHONEOS_DEPLOYMENT_TARGET = 10.3;
				MTL_ENABLE_DEBUG_INFO = NO;
				SDKROOT = iphoneos;
				SWIFT_OPTIMIZATION_LEVEL = "-Owholemodule";
				TARGETED_DEVICE_FAMILY = "1,2";
				VALIDATE_PRODUCT = YES;
			};
			name = Release;
		};
		9AB504071F0C339500287177 /* Debug */ = {
			isa = XCBuildConfiguration;
			baseConfigurationReference = 0225BD43D2C32E7312743733 /* Pods-Felagi.debug.xcconfig */;
			buildSettings = {
				ASSETCATALOG_COMPILER_APPICON_NAME = AppIcon;
				CLANG_ENABLE_MODULES = YES;
				CODE_SIGN_ENTITLEMENTS = Felagi/Felagi.entitlements;
				"CODE_SIGN_IDENTITY[sdk=iphoneos*]" = "iPhone Developer";
				DEVELOPMENT_TEAM = "";
				INFOPLIST_FILE = Felagi/Info.plist;
				LD_RUNPATH_SEARCH_PATHS = "$(inherited) @executable_path/Frameworks";
				PRODUCT_BUNDLE_IDENTIFIER = com.rightsemeon.Felagi;
				PRODUCT_NAME = "$(TARGET_NAME)";
				PROVISIONING_PROFILE_SPECIFIER = "";
				SWIFT_OBJC_BRIDGING_HEADER = "";
				SWIFT_OPTIMIZATION_LEVEL = "-Onone";
				SWIFT_VERSION = 3.0;
			};
			name = Debug;
		};
		9AB504081F0C339500287177 /* Release */ = {
			isa = XCBuildConfiguration;
			baseConfigurationReference = 4D8F3C5B44A5D9EEE9F7D866 /* Pods-Felagi.release.xcconfig */;
			buildSettings = {
				ASSETCATALOG_COMPILER_APPICON_NAME = AppIcon;
				CLANG_ENABLE_MODULES = YES;
				CODE_SIGN_ENTITLEMENTS = Felagi/Felagi.entitlements;
				"CODE_SIGN_IDENTITY[sdk=iphoneos*]" = "iPhone Developer";
				DEVELOPMENT_TEAM = "";
				INFOPLIST_FILE = Felagi/Info.plist;
				LD_RUNPATH_SEARCH_PATHS = "$(inherited) @executable_path/Frameworks";
				PRODUCT_BUNDLE_IDENTIFIER = com.rightsemeon.Felagi;
				PRODUCT_NAME = "$(TARGET_NAME)";
				PROVISIONING_PROFILE_SPECIFIER = "";
				SWIFT_OBJC_BRIDGING_HEADER = "";
				SWIFT_VERSION = 3.0;
			};
			name = Release;
		};
		9AB5040A1F0C339500287177 /* Debug */ = {
			isa = XCBuildConfiguration;
			baseConfigurationReference = E62CDD4BAE65C5EBD8D82205 /* Pods-FelagiTests.debug.xcconfig */;
			buildSettings = {
				ALWAYS_EMBED_SWIFT_STANDARD_LIBRARIES = YES;
				BUNDLE_LOADER = "$(TEST_HOST)";
				DEVELOPMENT_TEAM = PAHG2435QN;
				INFOPLIST_FILE = FelagiTests/Info.plist;
				LD_RUNPATH_SEARCH_PATHS = "$(inherited) @executable_path/Frameworks @loader_path/Frameworks";
				PRODUCT_BUNDLE_IDENTIFIER = com.rightsemeon.FelagiTests;
				PRODUCT_NAME = "$(TARGET_NAME)";
				SWIFT_VERSION = 3.0;
				TEST_HOST = "$(BUILT_PRODUCTS_DIR)/Felagi.app/Felagi";
			};
			name = Debug;
		};
		9AB5040B1F0C339500287177 /* Release */ = {
			isa = XCBuildConfiguration;
			baseConfigurationReference = BD2B89751D19363EBD89E6F8 /* Pods-FelagiTests.release.xcconfig */;
			buildSettings = {
				ALWAYS_EMBED_SWIFT_STANDARD_LIBRARIES = YES;
				BUNDLE_LOADER = "$(TEST_HOST)";
				DEVELOPMENT_TEAM = PAHG2435QN;
				INFOPLIST_FILE = FelagiTests/Info.plist;
				LD_RUNPATH_SEARCH_PATHS = "$(inherited) @executable_path/Frameworks @loader_path/Frameworks";
				PRODUCT_BUNDLE_IDENTIFIER = com.rightsemeon.FelagiTests;
				PRODUCT_NAME = "$(TARGET_NAME)";
				SWIFT_VERSION = 3.0;
				TEST_HOST = "$(BUILT_PRODUCTS_DIR)/Felagi.app/Felagi";
			};
			name = Release;
		};
/* End XCBuildConfiguration section */

/* Begin XCConfigurationList section */
		9AB503E41F0C339400287177 /* Build configuration list for PBXProject "Felagi" */ = {
			isa = XCConfigurationList;
			buildConfigurations = (
				9AB504041F0C339500287177 /* Debug */,
				9AB504051F0C339500287177 /* Release */,
			);
			defaultConfigurationIsVisible = 0;
			defaultConfigurationName = Release;
		};
		9AB504061F0C339500287177 /* Build configuration list for PBXNativeTarget "Felagi" */ = {
			isa = XCConfigurationList;
			buildConfigurations = (
				9AB504071F0C339500287177 /* Debug */,
				9AB504081F0C339500287177 /* Release */,
			);
			defaultConfigurationIsVisible = 0;
			defaultConfigurationName = Release;
		};
		9AB504091F0C339500287177 /* Build configuration list for PBXNativeTarget "FelagiTests" */ = {
			isa = XCConfigurationList;
			buildConfigurations = (
				9AB5040A1F0C339500287177 /* Debug */,
				9AB5040B1F0C339500287177 /* Release */,
			);
			defaultConfigurationIsVisible = 0;
			defaultConfigurationName = Release;
		};
/* End XCConfigurationList section */
	};
	rootObject = 9AB503E11F0C339400287177 /* Project object */;
}
